
Microsoft Visual Studio Solution File, Format Version 12.00
# Visual Studio Version 16
VisualStudioVersion = 16.0.30225.117
MinimumVisualStudioVersion = 10.0.40219.1
Project("{9A19103F-16F7-4668-BE54-9A1E7A4F7556}") = "NoughtsAndCrosses", "NoughtsAndCrosses\NoughtsAndCrosses.csproj", "{934CC066-F7CA-4A95-A2EF-A988542C43B5}"
EndProject
Project("{9A19103F-16F7-4668-BE54-9A1E7A4F7556}") = "NoughtsAndCrossesGui", "NoughtsAndCrossesGui\NoughtsAndCrossesGui.csproj", "{B33C1FEB-E993-42D2-AAE7-AE3CF15DBB98}"
EndProject
Project("{9A19103F-16F7-4668-BE54-9A1E7A4F7556}") = "Connect4Fixed", "Connect4Fixed\Connect4Fixed.csproj", "{53E8D9DE-C4DC-475D-9FA6-A2DDA6566BDC}"
EndProject
Project("{9A19103F-16F7-4668-BE54-9A1E7A4F7556}") = "Connect4NewAI", "Connect4NewAI\Connect4NewAI.csproj", "{A098086D-B8EC-4E61-8C41-5EBE52FC6443}"
EndProject
Global
	GlobalSection(SolutionConfigurationPlatforms) = preSolution
		Debug|Any CPU = Debug|Any CPU
		Release|Any CPU = Release|Any CPU
	EndGlobalSection
	GlobalSection(ProjectConfigurationPlatforms) = postSolution
		{934CC066-F7CA-4A95-A2EF-A988542C43B5}.Debug|Any CPU.ActiveCfg = Debug|Any CPU
		{934CC066-F7CA-4A95-A2EF-A988542C43B5}.Debug|Any CPU.Build.0 = Debug|Any CPU
		{934CC066-F7CA-4A95-A2EF-A988542C43B5}.Release|Any CPU.ActiveCfg = Release|Any CPU
		{934CC066-F7CA-4A95-A2EF-A988542C43B5}.Release|Any CPU.Build.0 = Release|Any CPU
		{B33C1FEB-E993-42D2-AAE7-AE3CF15DBB98}.Debug|Any CPU.ActiveCfg = Debug|Any CPU
		{B33C1FEB-E993-42D2-AAE7-AE3CF15DBB98}.Debug|Any CPU.Build.0 = Debug|Any CPU
		{B33C1FEB-E993-42D2-AAE7-AE3CF15DBB98}.Release|Any CPU.ActiveCfg = Release|Any CPU
		{B33C1FEB-E993-42D2-AAE7-AE3CF15DBB98}.Release|Any CPU.Build.0 = Release|Any CPU
		{53E8D9DE-C4DC-475D-9FA6-A2DDA6566BDC}.Debug|Any CPU.ActiveCfg = Debug|Any CPU
		{53E8D9DE-C4DC-475D-9FA6-A2DDA6566BDC}.Debug|Any CPU.Build.0 = Debug|Any CPU
		{53E8D9DE-C4DC-475D-9FA6-A2DDA6566BDC}.Release|Any CPU.ActiveCfg = Release|Any CPU
		{53E8D9DE-C4DC-475D-9FA6-A2DDA6566BDC}.Release|Any CPU.Build.0 = Release|Any CPU
		{A098086D-B8EC-4E61-8C41-5EBE52FC6443}.Debug|Any CPU.ActiveCfg = Debug|Any CPU
		{A098086D-B8EC-4E61-8C41-5EBE52FC6443}.Debug|Any CPU.Build.0 = Debug|Any CPU
		{A098086D-B8EC-4E61-8C41-5EBE52FC6443}.Release|Any CPU.ActiveCfg = Release|Any CPU
		{A098086D-B8EC-4E61-8C41-5EBE52FC6443}.Release|Any CPU.Build.0 = Release|Any CPU
	EndGlobalSection
	GlobalSection(SolutionProperties) = preSolution
		HideSolutionNode = FALSE
	EndGlobalSection
	GlobalSection(ExtensibilityGlobals) = postSolution
		SolutionGuid = {2C8B051D-818B-4C74-AC17-4FBFAEBE708D}
	EndGlobalSection
EndGlobal
